// !$*UTF8*$!
{
	archiveVersion = 1;
	classes = {
	};
	objectVersion = 46;
	objects = {

/* Begin PBXBuildFile section */
		506479A91A5597190005983C /* main.m in Sources */ = {isa = PBXBuildFile; fileRef = 506479A81A5597190005983C /* main.m */; };
		506479AC1A5597190005983C /* AppDelegate.m in Sources */ = {isa = PBXBuildFile; fileRef = 506479AB1A5597190005983C /* AppDelegate.m */; };
		506479AF1A5597190005983C /* ViewController.m in Sources */ = {isa = PBXBuildFile; fileRef = 506479AE1A5597190005983C /* ViewController.m */; };
		506479B21A5597190005983C /* Main.storyboard in Resources */ = {isa = PBXBuildFile; fileRef = 506479B01A5597190005983C /* Main.storyboard */; };
		506479B41A5597190005983C /* Images.xcassets in Resources */ = {isa = PBXBuildFile; fileRef = 506479B31A5597190005983C /* Images.xcassets */; };
		506479B71A5597190005983C /* LaunchScreen.xib in Resources */ = {isa = PBXBuildFile; fileRef = 506479B51A5597190005983C /* LaunchScreen.xib */; };
		506479C31A5597190005983C /* MBSegueDemoTests.m in Sources */ = {isa = PBXBuildFile; fileRef = 506479C21A5597190005983C /* MBSegueDemoTests.m */; };
		506479CE1A55989B0005983C /* MBSegue.m in Sources */ = {isa = PBXBuildFile; fileRef = 506479CD1A55989B0005983C /* MBSegue.m */; };
		506479D21A55B5280005983C /* MBFadeSegue.m in Sources */ = {isa = PBXBuildFile; fileRef = 506479D11A55B5280005983C /* MBFadeSegue.m */; };
		506479D51A55EC570005983C /* MBSimpleSplitOpenSegue.m in Sources */ = {isa = PBXBuildFile; fileRef = 506479D41A55EC570005983C /* MBSimpleSplitOpenSegue.m */; };
		506479D81A55FC980005983C /* MBSimpleSplitCloseSegue.m in Sources */ = {isa = PBXBuildFile; fileRef = 506479D71A55FC980005983C /* MBSimpleSplitCloseSegue.m */; };
		506479DB1A587F7F0005983C /* MBGateOpenInsideSegue.m in Sources */ = {isa = PBXBuildFile; fileRef = 506479DA1A587F7F0005983C /* MBGateOpenInsideSegue.m */; };
		506479DE1A58AA8B0005983C /* MBGateCloseInsideSegue.m in Sources */ = {isa = PBXBuildFile; fileRef = 506479DD1A58AA8B0005983C /* MBGateCloseInsideSegue.m */; };
/* End PBXBuildFile section */

/* Begin PBXContainerItemProxy section */
		506479BD1A5597190005983C /* PBXContainerItemProxy */ = {
			isa = PBXContainerItemProxy;
			containerPortal = 5064799B1A5597190005983C /* Project object */;
			proxyType = 1;
			remoteGlobalIDString = 506479A21A5597190005983C;
			remoteInfo = MBSegueDemo;
		};
/* End PBXContainerItemProxy section */

/* Begin PBXFileReference section */
		506479A31A5597190005983C /* MBSegueDemo.app */ = {isa = PBXFileReference; explicitFileType = wrapper.application; includeInIndex = 0; path = MBSegueDemo.app; sourceTree = BUILT_PRODUCTS_DIR; };
		506479A71A5597190005983C /* Info.plist */ = {isa = PBXFileReference; lastKnownFileType = text.plist.xml; path = Info.plist; sourceTree = "<group>"; };
		506479A81A5597190005983C /* main.m */ = {isa = PBXFileReference; lastKnownFileType = sourcecode.c.objc; path = main.m; sourceTree = "<group>"; };
		506479AA1A5597190005983C /* AppDelegate.h */ = {isa = PBXFileReference; lastKnownFileType = sourcecode.c.h; path = AppDelegate.h; sourceTree = "<group>"; };
		506479AB1A5597190005983C /* AppDelegate.m */ = {isa = PBXFileReference; lastKnownFileType = sourcecode.c.objc; path = AppDelegate.m; sourceTree = "<group>"; };
		506479AD1A5597190005983C /* ViewController.h */ = {isa = PBXFileReference; lastKnownFileType = sourcecode.c.h; path = ViewController.h; sourceTree = "<group>"; };
		506479AE1A5597190005983C /* ViewController.m */ = {isa = PBXFileReference; lastKnownFileType = sourcecode.c.objc; path = ViewController.m; sourceTree = "<group>"; };
		506479B11A5597190005983C /* Base */ = {isa = PBXFileReference; lastKnownFileType = file.storyboard; name = Base; path = Base.lproj/Main.storyboard; sourceTree = "<group>"; };
		506479B31A5597190005983C /* Images.xcassets */ = {isa = PBXFileReference; lastKnownFileType = folder.assetcatalog; path = Images.xcassets; sourceTree = "<group>"; };
		506479B61A5597190005983C /* Base */ = {isa = PBXFileReference; lastKnownFileType = file.xib; name = Base; path = Base.lproj/LaunchScreen.xib; sourceTree = "<group>"; };
		506479BC1A5597190005983C /* MBSegueDemoTests.xctest */ = {isa = PBXFileReference; explicitFileType = wrapper.cfbundle; includeInIndex = 0; path = MBSegueDemoTests.xctest; sourceTree = BUILT_PRODUCTS_DIR; };
		506479C11A5597190005983C /* Info.plist */ = {isa = PBXFileReference; lastKnownFileType = text.plist.xml; path = Info.plist; sourceTree = "<group>"; };
		506479C21A5597190005983C /* MBSegueDemoTests.m */ = {isa = PBXFileReference; lastKnownFileType = sourcecode.c.objc; path = MBSegueDemoTests.m; sourceTree = "<group>"; };
		506479CC1A55989B0005983C /* MBSegue.h */ = {isa = PBXFileReference; fileEncoding = 4; lastKnownFileType = sourcecode.c.h; name = MBSegue.h; path = ../MBSegueCollection/MBSegue.h; sourceTree = "<group>"; };
		506479CD1A55989B0005983C /* MBSegue.m */ = {isa = PBXFileReference; fileEncoding = 4; lastKnownFileType = sourcecode.c.objc; name = MBSegue.m; path = ../MBSegueCollection/MBSegue.m; sourceTree = "<group>"; };
		506479D01A55B5280005983C /* MBFadeSegue.h */ = {isa = PBXFileReference; fileEncoding = 4; lastKnownFileType = sourcecode.c.h; name = MBFadeSegue.h; path = ../MBSegueCollection/MBFadeSegue.h; sourceTree = "<group>"; };
		506479D11A55B5280005983C /* MBFadeSegue.m */ = {isa = PBXFileReference; fileEncoding = 4; lastKnownFileType = sourcecode.c.objc; name = MBFadeSegue.m; path = ../MBSegueCollection/MBFadeSegue.m; sourceTree = "<group>"; };
		506479D31A55EC570005983C /* MBSimpleSplitOpenSegue.h */ = {isa = PBXFileReference; fileEncoding = 4; lastKnownFileType = sourcecode.c.h; name = MBSimpleSplitOpenSegue.h; path = ../MBSegueCollection/MBSimpleSplitOpenSegue.h; sourceTree = "<group>"; };
		506479D41A55EC570005983C /* MBSimpleSplitOpenSegue.m */ = {isa = PBXFileReference; fileEncoding = 4; lastKnownFileType = sourcecode.c.objc; name = MBSimpleSplitOpenSegue.m; path = ../MBSegueCollection/MBSimpleSplitOpenSegue.m; sourceTree = "<group>"; };
		506479D61A55FC980005983C /* MBSimpleSplitCloseSegue.h */ = {isa = PBXFileReference; fileEncoding = 4; lastKnownFileType = sourcecode.c.h; name = MBSimpleSplitCloseSegue.h; path = ../MBSegueCollection/MBSimpleSplitCloseSegue.h; sourceTree = "<group>"; };
		506479D71A55FC980005983C /* MBSimpleSplitCloseSegue.m */ = {isa = PBXFileReference; fileEncoding = 4; lastKnownFileType = sourcecode.c.objc; name = MBSimpleSplitCloseSegue.m; path = ../MBSegueCollection/MBSimpleSplitCloseSegue.m; sourceTree = "<group>"; };
		506479D91A587F7F0005983C /* MBGateOpenInsideSegue.h */ = {isa = PBXFileReference; fileEncoding = 4; lastKnownFileType = sourcecode.c.h; name = MBGateOpenInsideSegue.h; path = ../MBSegueCollection/MBGateOpenInsideSegue.h; sourceTree = "<group>"; };
		506479DA1A587F7F0005983C /* MBGateOpenInsideSegue.m */ = {isa = PBXFileReference; fileEncoding = 4; lastKnownFileType = sourcecode.c.objc; name = MBGateOpenInsideSegue.m; path = ../MBSegueCollection/MBGateOpenInsideSegue.m; sourceTree = "<group>"; };
		506479DC1A58AA8B0005983C /* MBGateCloseInsideSegue.h */ = {isa = PBXFileReference; fileEncoding = 4; lastKnownFileType = sourcecode.c.h; name = MBGateCloseInsideSegue.h; path = ../MBSegueCollection/MBGateCloseInsideSegue.h; sourceTree = "<group>"; };
		506479DD1A58AA8B0005983C /* MBGateCloseInsideSegue.m */ = {isa = PBXFileReference; fileEncoding = 4; lastKnownFileType = sourcecode.c.objc; name = MBGateCloseInsideSegue.m; path = ../MBSegueCollection/MBGateCloseInsideSegue.m; sourceTree = "<group>"; };
/* End PBXFileReference section */

/* Begin PBXFrameworksBuildPhase section */
		506479A01A5597190005983C /* Frameworks */ = {
			isa = PBXFrameworksBuildPhase;
			buildActionMask = 2147483647;
			files = (
			);
			runOnlyForDeploymentPostprocessing = 0;
		};
		506479B91A5597190005983C /* Frameworks */ = {
			isa = PBXFrameworksBuildPhase;
			buildActionMask = 2147483647;
			files = (
			);
			runOnlyForDeploymentPostprocessing = 0;
		};
/* End PBXFrameworksBuildPhase section */

/* Begin PBXGroup section */
		5064799A1A5597190005983C = {
			isa = PBXGroup;
			children = (
				506479CF1A5598C10005983C /* MBSegueCollection */,
				506479A51A5597190005983C /* MBSegueDemo */,
				506479BF1A5597190005983C /* MBSegueDemoTests */,
				506479A41A5597190005983C /* Products */,
			);
			sourceTree = "<group>";
		};
		506479A41A5597190005983C /* Products */ = {
			isa = PBXGroup;
			children = (
				506479A31A5597190005983C /* MBSegueDemo.app */,
				506479BC1A5597190005983C /* MBSegueDemoTests.xctest */,
			);
			name = Products;
			sourceTree = "<group>";
		};
		506479A51A5597190005983C /* MBSegueDemo */ = {
			isa = PBXGroup;
			children = (
				506479AA1A5597190005983C /* AppDelegate.h */,
				506479AB1A5597190005983C /* AppDelegate.m */,
				506479AD1A5597190005983C /* ViewController.h */,
				506479AE1A5597190005983C /* ViewController.m */,
				506479B01A5597190005983C /* Main.storyboard */,
				506479B31A5597190005983C /* Images.xcassets */,
				506479B51A5597190005983C /* LaunchScreen.xib */,
				506479A61A5597190005983C /* Supporting Files */,
			);
			path = MBSegueDemo;
			sourceTree = "<group>";
		};
		506479A61A5597190005983C /* Supporting Files */ = {
			isa = PBXGroup;
			children = (
				506479A71A5597190005983C /* Info.plist */,
				506479A81A5597190005983C /* main.m */,
			);
			name = "Supporting Files";
			sourceTree = "<group>";
		};
		506479BF1A5597190005983C /* MBSegueDemoTests */ = {
			isa = PBXGroup;
			children = (
				506479C21A5597190005983C /* MBSegueDemoTests.m */,
				506479C01A5597190005983C /* Supporting Files */,
			);
			path = MBSegueDemoTests;
			sourceTree = "<group>";
		};
		506479C01A5597190005983C /* Supporting Files */ = {
			isa = PBXGroup;
			children = (
				506479C11A5597190005983C /* Info.plist */,
			);
			name = "Supporting Files";
			sourceTree = "<group>";
		};
		506479CF1A5598C10005983C /* MBSegueCollection */ = {
			isa = PBXGroup;
			children = (
				506479CC1A55989B0005983C /* MBSegue.h */,
				506479CD1A55989B0005983C /* MBSegue.m */,
				506479D01A55B5280005983C /* MBFadeSegue.h */,
				506479D11A55B5280005983C /* MBFadeSegue.m */,
				506479D31A55EC570005983C /* MBSimpleSplitOpenSegue.h */,
				506479D41A55EC570005983C /* MBSimpleSplitOpenSegue.m */,
				506479D61A55FC980005983C /* MBSimpleSplitCloseSegue.h */,
				506479D71A55FC980005983C /* MBSimpleSplitCloseSegue.m */,
				506479D91A587F7F0005983C /* MBGateOpenInsideSegue.h */,
				506479DA1A587F7F0005983C /* MBGateOpenInsideSegue.m */,
				506479DC1A58AA8B0005983C /* MBGateCloseInsideSegue.h */,
				506479DD1A58AA8B0005983C /* MBGateCloseInsideSegue.m */,
			);
			name = MBSegueCollection;
			sourceTree = "<group>";
		};
/* End PBXGroup section */

/* Begin PBXNativeTarget section */
		506479A21A5597190005983C /* MBSegueDemo */ = {
			isa = PBXNativeTarget;
			buildConfigurationList = 506479C61A5597190005983C /* Build configuration list for PBXNativeTarget "MBSegueDemo" */;
			buildPhases = (
				5064799F1A5597190005983C /* Sources */,
				506479A01A5597190005983C /* Frameworks */,
				506479A11A5597190005983C /* Resources */,
			);
			buildRules = (
			);
			dependencies = (
			);
			name = MBSegueDemo;
			productName = MBSegueDemo;
			productReference = 506479A31A5597190005983C /* MBSegueDemo.app */;
			productType = "com.apple.product-type.application";
		};
		506479BB1A5597190005983C /* MBSegueDemoTests */ = {
			isa = PBXNativeTarget;
			buildConfigurationList = 506479C91A5597190005983C /* Build configuration list for PBXNativeTarget "MBSegueDemoTests" */;
			buildPhases = (
				506479B81A5597190005983C /* Sources */,
				506479B91A5597190005983C /* Frameworks */,
				506479BA1A5597190005983C /* Resources */,
			);
			buildRules = (
			);
			dependencies = (
				506479BE1A5597190005983C /* PBXTargetDependency */,
			);
			name = MBSegueDemoTests;
			productName = MBSegueDemoTests;
			productReference = 506479BC1A5597190005983C /* MBSegueDemoTests.xctest */;
			productType = "com.apple.product-type.bundle.unit-test";
		};
/* End PBXNativeTarget section */

/* Begin PBXProject section */
		5064799B1A5597190005983C /* Project object */ = {
			isa = PBXProject;
			attributes = {
				LastUpgradeCheck = 0610;
				ORGANIZATIONNAME = "Max Bothe";
				TargetAttributes = {
					506479A21A5597190005983C = {
						CreatedOnToolsVersion = 6.1.1;
					};
					506479BB1A5597190005983C = {
						CreatedOnToolsVersion = 6.1.1;
						TestTargetID = 506479A21A5597190005983C;
					};
				};
			};
			buildConfigurationList = 5064799E1A5597190005983C /* Build configuration list for PBXProject "MBSegueDemo" */;
			compatibilityVersion = "Xcode 3.2";
			developmentRegion = English;
			hasScannedForEncodings = 0;
			knownRegions = (
				en,
				Base,
			);
			mainGroup = 5064799A1A5597190005983C;
			productRefGroup = 506479A41A5597190005983C /* Products */;
			projectDirPath = "";
			projectRoot = "";
			targets = (
				506479A21A5597190005983C /* MBSegueDemo */,
				506479BB1A5597190005983C /* MBSegueDemoTests */,
			);
		};
/* End PBXProject section */

/* Begin PBXResourcesBuildPhase section */
		506479A11A5597190005983C /* Resources */ = {
			isa = PBXResourcesBuildPhase;
			buildActionMask = 2147483647;
			files = (
				506479B21A5597190005983C /* Main.storyboard in Resources */,
				506479B71A5597190005983C /* LaunchScreen.xib in Resources */,
				506479B41A5597190005983C /* Images.xcassets in Resources */,
			);
			runOnlyForDeploymentPostprocessing = 0;
		};
		506479BA1A5597190005983C /* Resources */ = {
			isa = PBXResourcesBuildPhase;
			buildActionMask = 2147483647;
			files = (
			);
			runOnlyForDeploymentPostprocessing = 0;
		};
/* End PBXResourcesBuildPhase section */

/* Begin PBXSourcesBuildPhase section */
		5064799F1A5597190005983C /* Sources */ = {
			isa = PBXSourcesBuildPhase;
			buildActionMask = 2147483647;
			files = (
				506479CE1A55989B0005983C /* MBSegue.m in Sources */,
				506479DE1A58AA8B0005983C /* MBGateCloseInsideSegue.m in Sources */,
				506479DB1A587F7F0005983C /* MBGateOpenInsideSegue.m in Sources */,
				506479AF1A5597190005983C /* ViewController.m in Sources */,
				506479D81A55FC980005983C /* MBSimpleSplitCloseSegue.m in Sources */,
				506479D21A55B5280005983C /* MBFadeSegue.m in Sources */,
				506479D51A55EC570005983C /* MBSimpleSplitOpenSegue.m in Sources */,
				506479AC1A5597190005983C /* AppDelegate.m in Sources */,
				506479A91A5597190005983C /* main.m in Sources */,
			);
			runOnlyForDeploymentPostprocessing = 0;
		};
		506479B81A5597190005983C /* Sources */ = {
			isa = PBXSourcesBuildPhase;
			buildActionMask = 2147483647;
			files = (
				506479C31A5597190005983C /* MBSegueDemoTests.m in Sources */,
			);
			runOnlyForDeploymentPostprocessing = 0;
		};
/* End PBXSourcesBuildPhase section */

/* Begin PBXTargetDependency section */
		506479BE1A5597190005983C /* PBXTargetDependency */ = {
			isa = PBXTargetDependency;
			target = 506479A21A5597190005983C /* MBSegueDemo */;
			targetProxy = 506479BD1A5597190005983C /* PBXContainerItemProxy */;
		};
/* End PBXTargetDependency section */

/* Begin PBXVariantGroup section */
		506479B01A5597190005983C /* Main.storyboard */ = {
			isa = PBXVariantGroup;
			children = (
				506479B11A5597190005983C /* Base */,
			);
			name = Main.storyboard;
			sourceTree = "<group>";
		};
		506479B51A5597190005983C /* LaunchScreen.xib */ = {
			isa = PBXVariantGroup;
			children = (
				506479B61A5597190005983C /* Base */,
			);
			name = LaunchScreen.xib;
			sourceTree = "<group>";
		};
/* End PBXVariantGroup section */

/* Begin XCBuildConfiguration section */
		506479C41A5597190005983C /* Debug */ = {
			isa = XCBuildConfiguration;
			buildSettings = {
				ALWAYS_SEARCH_USER_PATHS = NO;
				CLANG_CXX_LANGUAGE_STANDARD = "gnu++0x";
				CLANG_CXX_LIBRARY = "libc++";
				CLANG_ENABLE_MODULES = YES;
				CLANG_ENABLE_OBJC_ARC = YES;
				CLANG_WARN_BOOL_CONVERSION = YES;
				CLANG_WARN_CONSTANT_CONVERSION = YES;
				CLANG_WARN_DIRECT_OBJC_ISA_USAGE = YES_ERROR;
				CLANG_WARN_EMPTY_BODY = YES;
				CLANG_WARN_ENUM_CONVERSION = YES;
				CLANG_WARN_INT_CONVERSION = YES;
				CLANG_WARN_OBJC_ROOT_CLASS = YES_ERROR;
				CLANG_WARN_UNREACHABLE_CODE = YES;
				CLANG_WARN__DUPLICATE_METHOD_MATCH = YES;
				"CODE_SIGN_IDENTITY[sdk=iphoneos*]" = "iPhone Developer";
				COPY_PHASE_STRIP = NO;
				ENABLE_STRICT_OBJC_MSGSEND = YES;
				GCC_C_LANGUAGE_STANDARD = gnu99;
				GCC_DYNAMIC_NO_PIC = NO;
				GCC_OPTIMIZATION_LEVEL = 0;
				GCC_PREPROCESSOR_DEFINITIONS = (
					"DEBUG=1",
					"$(inherited)",
				);
				GCC_SYMBOLS_PRIVATE_EXTERN = NO;
				GCC_WARN_64_TO_32_BIT_CONVERSION = YES;
				GCC_WARN_ABOUT_RETURN_TYPE = YES_ERROR;
				GCC_WARN_UNDECLARED_SELECTOR = YES;
				GCC_WARN_UNINITIALIZED_AUTOS = YES_AGGRESSIVE;
				GCC_WARN_UNUSED_FUNCTION = YES;
				GCC_WARN_UNUSED_VARIABLE = YES;
				IPHONEOS_DEPLOYMENT_TARGET = 8.1;
				MTL_ENABLE_DEBUG_INFO = YES;
				ONLY_ACTIVE_ARCH = YES;
				SDKROOT = iphoneos;
				TARGETED_DEVICE_FAMILY = "1,2";
			};
			name = Debug;
		};
		506479C51A5597190005983C /* Release */ = {
			isa = XCBuildConfiguration;
			buildSettings = {
				ALWAYS_SEARCH_USER_PATHS = NO;
				CLANG_CXX_LANGUAGE_STANDARD = "gnu++0x";
				CLANG_CXX_LIBRARY = "libc++";
				CLANG_ENABLE_MODULES = YES;
				CLANG_ENABLE_OBJC_ARC = YES;
				CLANG_WARN_BOOL_CONVERSION = YES;
				CLANG_WARN_CONSTANT_CONVERSION = YES;
				CLANG_WARN_DIRECT_OBJC_ISA_USAGE = YES_ERROR;
				CLANG_WARN_EMPTY_BODY = YES;
				CLANG_WARN_ENUM_CONVERSION = YES;
				CLANG_WARN_INT_CONVERSION = YES;
				CLANG_WARN_OBJC_ROOT_CLASS = YES_ERROR;
				CLANG_WARN_UNREACHABLE_CODE = YES;
				CLANG_WARN__DUPLICATE_METHOD_MATCH = YES;
				"CODE_SIGN_IDENTITY[sdk=iphoneos*]" = "iPhone Developer";
				COPY_PHASE_STRIP = YES;
				ENABLE_NS_ASSERTIONS = NO;
				ENABLE_STRICT_OBJC_MSGSEND = YES;
				GCC_C_LANGUAGE_STANDARD = gnu99;
				GCC_WARN_64_TO_32_BIT_CONVERSION = YES;
				GCC_WARN_ABOUT_RETURN_TYPE = YES_ERROR;
				GCC_WARN_UNDECLARED_SELECTOR = YES;
				GCC_WARN_UNINITIALIZED_AUTOS = YES_AGGRESSIVE;
				GCC_WARN_UNUSED_FUNCTION = YES;
				GCC_WARN_UNUSED_VARIABLE = YES;
				IPHONEOS_DEPLOYMENT_TARGET = 8.1;
				MTL_ENABLE_DEBUG_INFO = NO;
				SDKROOT = iphoneos;
				TARGETED_DEVICE_FAMILY = "1,2";
				VALIDATE_PRODUCT = YES;
			};
			name = Release;
		};
		506479C71A5597190005983C /* Debug */ = {
			isa = XCBuildConfiguration;
			buildSettings = {
				ASSETCATALOG_COMPILER_APPICON_NAME = AppIcon;
				INFOPLIST_FILE = MBSegueDemo/Info.plist;
				LD_RUNPATH_SEARCH_PATHS = "$(inherited) @executable_path/Frameworks";
				PRODUCT_NAME = "$(TARGET_NAME)";
			};
			name = Debug;
		};
		506479C81A5597190005983C /* Release */ = {
			isa = XCBuildConfiguration;
			buildSettings = {
				ASSETCATALOG_COMPILER_APPICON_NAME = AppIcon;
				INFOPLIST_FILE = MBSegueDemo/Info.plist;
				LD_RUNPATH_SEARCH_PATHS = "$(inherited) @executable_path/Frameworks";
				PRODUCT_NAME = "$(TARGET_NAME)";
			};
			name = Release;
		};
		506479CA1A5597190005983C /* Debug */ = {
			isa = XCBuildConfiguration;
			buildSettings = {
				BUNDLE_LOADER = "$(TEST_HOST)";
				FRAMEWORK_SEARCH_PATHS = (
					"$(SDKROOT)/Developer/Library/Frameworks",
					"$(inherited)",
				);
				GCC_PREPROCESSOR_DEFINITIONS = (
					"DEBUG=1",
					"$(inherited)",
				);
				INFOPLIST_FILE = MBSegueDemoTests/Info.plist;
				LD_RUNPATH_SEARCH_PATHS = "$(inherited) @executable_path/Frameworks @loader_path/Frameworks";
				PRODUCT_NAME = "$(TARGET_NAME)";
				TEST_HOST = "$(BUILT_PRODUCTS_DIR)/MBSegueDemo.app/MBSegueDemo";
			};
			name = Debug;
		};
		506479CB1A5597190005983C /* Release */ = {
			isa = XCBuildConfiguration;
			buildSettings = {
				BUNDLE_LOADER = "$(TEST_HOST)";
				FRAMEWORK_SEARCH_PATHS = (
					"$(SDKROOT)/Developer/Library/Frameworks",
					"$(inherited)",
				);
				INFOPLIST_FILE = MBSegueDemoTests/Info.plist;
				LD_RUNPATH_SEARCH_PATHS = "$(inherited) @executable_path/Frameworks @loader_path/Frameworks";
				PRODUCT_NAME = "$(TARGET_NAME)";
				TEST_HOST = "$(BUILT_PRODUCTS_DIR)/MBSegueDemo.app/MBSegueDemo";
			};
			name = Release;
		};
/* End XCBuildConfiguration section */

/* Begin XCConfigurationList section */
		5064799E1A5597190005983C /* Build configuration list for PBXProject "MBSegueDemo" */ = {
			isa = XCConfigurationList;
			buildConfigurations = (
				506479C41A5597190005983C /* Debug */,
				506479C51A5597190005983C /* Release */,
			);
			defaultConfigurationIsVisible = 0;
			defaultConfigurationName = Release;
		};
		506479C61A5597190005983C /* Build configuration list for PBXNativeTarget "MBSegueDemo" */ = {
			isa = XCConfigurationList;
			buildConfigurations = (
				506479C71A5597190005983C /* Debug */,
				506479C81A5597190005983C /* Release */,
			);
			defaultConfigurationIsVisible = 0;
			defaultConfigurationName = Release;
		};
		506479C91A5597190005983C /* Build configuration list for PBXNativeTarget "MBSegueDemoTests" */ = {
			isa = XCConfigurationList;
			buildConfigurations = (
				506479CA1A5597190005983C /* Debug */,
				506479CB1A5597190005983C /* Release */,
			);
			defaultConfigurationIsVisible = 0;
			defaultConfigurationName = Release;
		};
/* End XCConfigurationList section */
	};
	rootObject = 5064799B1A5597190005983C /* Project object */;
}
